
Microsoft Visual Studio Solution File, Format Version 12.00
# Visual Studio 15
VisualStudioVersion = 15.0.27130.2020
MinimumVisualStudioVersion = 10.0.40219.1
Project("{FAE04EC0-301F-11D3-BF4B-00C04F79EFBC}") = "ProyectoSegundoParcial", "ProyectoSegundoParcial\ProyectoSegundoParcial.csproj", "{2F8E0BF5-7AF5-455B-AE5D-5E79AFF853BA}"
EndProject
Project("{FAE04EC0-301F-11D3-BF4B-00C04F79EFBC}") = "ProyectoTercerParcial", "ProyectoTercerParcial\ProyectoTercerParcial.csproj", "{D5772554-4C07-4EB1-8C79-6D5BA63ACC5B}"
EndProject
Global
	GlobalSection(SolutionConfigurationPlatforms) = preSolution
		Debug|Any CPU = Debug|Any CPU
		Release|Any CPU = Release|Any CPU
	EndGlobalSection
	GlobalSection(ProjectConfigurationPlatforms) = postSolution
		{2F8E0BF5-7AF5-455B-AE5D-5E79AFF853BA}.Debug|Any CPU.ActiveCfg = Debug|Any CPU
		{2F8E0BF5-7AF5-455B-AE5D-5E79AFF853BA}.Debug|Any CPU.Build.0 = Debug|Any CPU
		{2F8E0BF5-7AF5-455B-AE5D-5E79AFF853BA}.Release|Any CPU.ActiveCfg = Release|Any CPU
		{2F8E0BF5-7AF5-455B-AE5D-5E79AFF853BA}.Release|Any CPU.Build.0 = Release|Any CPU
		{D5772554-4C07-4EB1-8C79-6D5BA63ACC5B}.Debug|Any CPU.ActiveCfg = Debug|Any CPU
		{D5772554-4C07-4EB1-8C79-6D5BA63ACC5B}.Debug|Any CPU.Build.0 = Debug|Any CPU
		{D5772554-4C07-4EB1-8C79-6D5BA63ACC5B}.Release|Any CPU.ActiveCfg = Release|Any CPU
		{D5772554-4C07-4EB1-8C79-6D5BA63ACC5B}.Release|Any CPU.Build.0 = Release|Any CPU
	EndGlobalSection
	GlobalSection(SolutionProperties) = preSolution
		HideSolutionNode = FALSE
	EndGlobalSection
	GlobalSection(ExtensibilityGlobals) = postSolution
		SolutionGuid = {8F8021BB-050B-4C16-BB8A-6F04BFF2C807}
	EndGlobalSection
EndGlobal
